
Microsoft Visual Studio Solution File, Format Version 12.00
# Visual Studio 15
Project("{FAE04EC0-301F-11D3-BF4B-00C04F79EFBC}") = "UnityEngine.UI", "UnityEngine.UI.csproj", "{3E932F81-7183-EC62-F3B4-7C7245A1C204}"
EndProject
Project("{FAE04EC0-301F-11D3-BF4B-00C04F79EFBC}") = "UnityEngine.TestRunner", "UnityEngine.TestRunner.csproj", "{E83CC922-A028-1865-5208-B6C9A53FF67B}"
EndProject
Project("{FAE04EC0-301F-11D3-BF4B-00C04F79EFBC}") = "Unity.VisualScripting.Flow", "Unity.VisualScripting.Flow.csproj", "{671E2412-C666-AE96-C122-54E2AE6FCA3A}"
EndProject
Project("{FAE04EC0-301F-11D3-BF4B-00C04F79EFBC}") = "Unity.Services.Core.Telemetry", "Unity.Services.Core.Telemetry.csproj", "{22369E26-32D6-43A8-2F6D-808883AD5994}"
EndProject
Project("{FAE04EC0-301F-11D3-BF4B-00C04F79EFBC}") = "Unity.VisualScripting.State", "Unity.VisualScripting.State.csproj", "{9A7448DD-B7CB-6DF6-A33B-307C3866BBDC}"
EndProject
Project("{FAE04EC0-301F-11D3-BF4B-00C04F79EFBC}") = "Unity.VisualScripting.Core", "Unity.VisualScripting.Core.csproj", "{3A7E7CEF-5601-024F-A7CE-F2B3DC6849DF}"
EndProject
Project("{FAE04EC0-301F-11D3-BF4B-00C04F79EFBC}") = "Unity.Services.Core.Environments.Internal", "Unity.Services.Core.Environments.Internal.csproj", "{7C17C6AD-0A27-2F68-09F2-D29C462B9E73}"
EndProject
Project("{FAE04EC0-301F-11D3-BF4B-00C04F79EFBC}") = "Unity.TextMeshPro", "Unity.TextMeshPro.csproj", "{85E2AC38-5E91-ACAA-6E83-0293BEEE72E8}"
EndProject
Project("{FAE04EC0-301F-11D3-BF4B-00C04F79EFBC}") = "Unity.Timeline", "Unity.Timeline.csproj", "{99920FE7-2DA2-CA27-8013-38ADB57A6D77}"
EndProject
Project("{FAE04EC0-301F-11D3-BF4B-00C04F79EFBC}") = "Assembly-CSharp", "Assembly-CSharp.csproj", "{E843A117-847E-B985-E09E-75F70AFA74CE}"
EndProject
Project("{FAE04EC0-301F-11D3-BF4B-00C04F79EFBC}") = "Unity.Services.Core.Environments", "Unity.Services.Core.Environments.csproj", "{9BE7E4C9-FAD9-70DA-A103-3ED50E3EBA3C}"
EndProject
Project("{FAE04EC0-301F-11D3-BF4B-00C04F79EFBC}") = "Unity.Services.Core.Internal", "Unity.Services.Core.Internal.csproj", "{D407BF60-14DF-4F3E-7E18-228D6DE5ACD2}"
EndProject
Project("{FAE04EC0-301F-11D3-BF4B-00C04F79EFBC}") = "Unity.Services.Core.Analytics", "Unity.Services.Core.Analytics.csproj", "{034AF81D-1047-71BC-F630-2D35BD5DABC3}"
EndProject
Project("{FAE04EC0-301F-11D3-BF4B-00C04F79EFBC}") = "Unity.Services.Core.Scheduler", "Unity.Services.Core.Scheduler.csproj", "{57D9A215-ADFC-2FDF-4616-C95B8E84FA39}"
EndProject
Project("{FAE04EC0-301F-11D3-BF4B-00C04F79EFBC}") = "Unity.Services.Core.Registration", "Unity.Services.Core.Registration.csproj", "{70E52CB6-DDFF-7FA6-1635-B389811E9237}"
EndProject
Project("{FAE04EC0-301F-11D3-BF4B-00C04F79EFBC}") = "Unity.Services.Core.Device", "Unity.Services.Core.Device.csproj", "{A8B56E48-DDD5-30E5-CC44-A2D67AA74C89}"
EndProject
Project("{FAE04EC0-301F-11D3-BF4B-00C04F79EFBC}") = "Unity.Services.Core.Threading", "Unity.Services.Core.Threading.csproj", "{D09FCE6F-54CD-08B6-65EB-6172A1DC092D}"
EndProject
Project("{FAE04EC0-301F-11D3-BF4B-00C04F79EFBC}") = "Unity.Services.Core.Networking", "Unity.Services.Core.Networking.csproj", "{34F948FB-8131-0FD9-28E7-4E61462B76D2}"
EndProject
Project("{FAE04EC0-301F-11D3-BF4B-00C04F79EFBC}") = "Unity.Services.Core", "Unity.Services.Core.csproj", "{E77A5E45-F040-EF4E-536F-3263AABF9CD4}"
EndProject
Project("{FAE04EC0-301F-11D3-BF4B-00C04F79EFBC}") = "Unity.Services.Core.Configuration", "Unity.Services.Core.Configuration.csproj", "{AB596309-EC84-26C1-28EA-B8E5776A3F33}"
EndProject
Project("{FAE04EC0-301F-11D3-BF4B-00C04F79EFBC}") = "Unity.PlasticSCM.Editor", "Unity.PlasticSCM.Editor.csproj", "{568DD1EA-B1CD-5382-A9C3-8A8039401F97}"
EndProject
Project("{FAE04EC0-301F-11D3-BF4B-00C04F79EFBC}") = "Unity.VisualScripting.Core.Editor", "Unity.VisualScripting.Core.Editor.csproj", "{FA273306-9804-04EF-6C38-416C6E82D180}"
EndProject
Project("{FAE04EC0-301F-11D3-BF4B-00C04F79EFBC}") = "Unity.VisualScripting.Flow.Editor", "Unity.VisualScripting.Flow.Editor.csproj", "{3B491D31-3D65-910E-F0E7-AC058A734F8E}"
EndProject
Project("{FAE04EC0-301F-11D3-BF4B-00C04F79EFBC}") = "Unity.VisualStudio.Editor", "Unity.VisualStudio.Editor.csproj", "{C8CAE620-FD33-9384-A4D5-9D40CE4AB20F}"
EndProject
Project("{FAE04EC0-301F-11D3-BF4B-00C04F79EFBC}") = "Unity.Timeline.Editor", "Unity.Timeline.Editor.csproj", "{BA60B2FB-7094-CEA7-78CD-DBE9F4FE169F}"
EndProject
Project("{FAE04EC0-301F-11D3-BF4B-00C04F79EFBC}") = "Unity.VisualScripting.State.Editor", "Unity.VisualScripting.State.Editor.csproj", "{EECB583B-C8C8-968F-62E5-4EBAE057892B}"
EndProject
Project("{FAE04EC0-301F-11D3-BF4B-00C04F79EFBC}") = "Unity.TextMeshPro.Editor", "Unity.TextMeshPro.Editor.csproj", "{28B0D38E-066A-1329-009C-C51ECC8B04AA}"
EndProject
Project("{FAE04EC0-301F-11D3-BF4B-00C04F79EFBC}") = "Unity.VisualScripting.SettingsProvider.Editor", "Unity.VisualScripting.SettingsProvider.Editor.csproj", "{115A4FD2-9456-1199-597F-5C074EB1A6C0}"
EndProject
Project("{FAE04EC0-301F-11D3-BF4B-00C04F79EFBC}") = "Unity.CollabProxy.Editor", "Unity.CollabProxy.Editor.csproj", "{A0A89EF9-F9C0-DE09-78C2-E0B22C8C43D3}"
EndProject
Project("{FAE04EC0-301F-11D3-BF4B-00C04F79EFBC}") = "UnityEditor.TestRunner", "UnityEditor.TestRunner.csproj", "{41DB101D-5113-90E0-D8A9-FE49A6614507}"
EndProject
Project("{FAE04EC0-301F-11D3-BF4B-00C04F79EFBC}") = "Unity.Services.Core.Editor", "Unity.Services.Core.Editor.csproj", "{B41D354A-9E30-BDA3-287F-97478D6329CD}"
EndProject
Project("{FAE04EC0-301F-11D3-BF4B-00C04F79EFBC}") = "Unity.TestTools.CodeCoverage.Editor", "Unity.TestTools.CodeCoverage.Editor.csproj", "{9097AD43-BAB7-B632-B936-DEFDCBC7F432}"
EndProject
Project("{FAE04EC0-301F-11D3-BF4B-00C04F79EFBC}") = "Unity.Rider.Editor", "Unity.Rider.Editor.csproj", "{FD1B7DCB-C9D3-FB07-2F45-5AAB2CE245EF}"
EndProject
Project("{FAE04EC0-301F-11D3-BF4B-00C04F79EFBC}") = "Unity.Performance.Profile-Analyzer.Editor", "Unity.Performance.Profile-Analyzer.Editor.csproj", "{753A5C75-958C-41F5-49EA-72CEC432B646}"
EndProject
Project("{FAE04EC0-301F-11D3-BF4B-00C04F79EFBC}") = "Unity.VSCode.Editor", "Unity.VSCode.Editor.csproj", "{F9F2954B-0247-BF99-976B-5C51B06673B7}"
EndProject
Project("{FAE04EC0-301F-11D3-BF4B-00C04F79EFBC}") = "UnityEditor.UI", "UnityEditor.UI.csproj", "{5B94F19A-8DE4-FF31-0EFD-83687DDED9EE}"
EndProject
Project("{FAE04EC0-301F-11D3-BF4B-00C04F79EFBC}") = "Unity.TestTools.CodeCoverage.Editor.OpenCover.Model", "Unity.TestTools.CodeCoverage.Editor.OpenCover.Model.csproj", "{DAE6E3F0-2B01-0193-EC6D-2A2098160357}"
EndProject
Project("{FAE04EC0-301F-11D3-BF4B-00C04F79EFBC}") = "Unity.EditorCoroutines.Editor", "Unity.EditorCoroutines.Editor.csproj", "{B619DB9C-7155-B42E-8C68-F35215438288}"
EndProject
Project("{FAE04EC0-301F-11D3-BF4B-00C04F79EFBC}") = "Unity.Settings.Editor", "Unity.Settings.Editor.csproj", "{2FF695A7-049E-7EB7-B75C-937335ADD377}"
EndProject
Project("{FAE04EC0-301F-11D3-BF4B-00C04F79EFBC}") = "Unity.Services.Core.Configuration.Editor", "Unity.Services.Core.Configuration.Editor.csproj", "{AF824487-64D4-5B30-3BFD-BC2E61759018}"
EndProject
Project("{FAE04EC0-301F-11D3-BF4B-00C04F79EFBC}") = "Unity.TestTools.CodeCoverage.Editor.OpenCover.Mono.Reflection", "Unity.TestTools.CodeCoverage.Editor.OpenCover.Mono.Reflection.csproj", "{8E73B986-916E-E5B9-806D-2DD89EFF398C}"
EndProject
Project("{FAE04EC0-301F-11D3-BF4B-00C04F79EFBC}") = "Unity.VisualScripting.Shared.Editor", "Unity.VisualScripting.Shared.Editor.csproj", "{E65D6CE2-7429-16C5-526A-F274AEDFF980}"
EndProject
Project("{FAE04EC0-301F-11D3-BF4B-00C04F79EFBC}") = "UnityEngine.UI", "UnityEngine.UI.Player.csproj", "{F0B0D011-4072-E83A-0E2D-9F3B09238E92}"
EndProject
Project("{FAE04EC0-301F-11D3-BF4B-00C04F79EFBC}") = "UnityEngine.TestRunner", "UnityEngine.TestRunner.Player.csproj", "{9DA8CA6D-3EEB-1CE2-993F-3E6B3088EBFD}"
EndProject
Project("{FAE04EC0-301F-11D3-BF4B-00C04F79EFBC}") = "Unity.VisualScripting.Flow", "Unity.VisualScripting.Flow.Player.csproj", "{BF4B31DD-7E65-672B-F2C2-43417A02113E}"
EndProject
Project("{FAE04EC0-301F-11D3-BF4B-00C04F79EFBC}") = "Unity.Services.Core.Telemetry", "Unity.Services.Core.Telemetry.Player.csproj", "{87A35067-61A6-A860-6191-D0D85FED59DF}"
EndProject
Project("{FAE04EC0-301F-11D3-BF4B-00C04F79EFBC}") = "Unity.VisualScripting.State", "Unity.VisualScripting.State.Player.csproj", "{18A25FB1-B9BB-6209-B9AD-024A3AB03167}"
EndProject
Project("{FAE04EC0-301F-11D3-BF4B-00C04F79EFBC}") = "Unity.VisualScripting.Core", "Unity.VisualScripting.Core.Player.csproj", "{1F0F660D-1BD6-F466-41CB-423B37CA300E}"
EndProject
Project("{FAE04EC0-301F-11D3-BF4B-00C04F79EFBC}") = "Unity.Services.Core.Environments.Internal", "Unity.Services.Core.Environments.Internal.Player.csproj", "{1908FAB6-AFB8-C359-8BC5-ACE5E1BBA0C0}"
EndProject
Project("{FAE04EC0-301F-11D3-BF4B-00C04F79EFBC}") = "Unity.TextMeshPro", "Unity.TextMeshPro.Player.csproj", "{47091DEA-1727-D259-DABB-C3073C72A09A}"
EndProject
Project("{FAE04EC0-301F-11D3-BF4B-00C04F79EFBC}") = "Unity.Timeline", "Unity.Timeline.Player.csproj", "{CC9AB64F-D37D-B8EE-2DD8-E7FA9A7EA927}"
EndProject
Project("{FAE04EC0-301F-11D3-BF4B-00C04F79EFBC}") = "Assembly-CSharp", "Assembly-CSharp.Player.csproj", "{7594E383-4BAA-A52E-EFBD-CF6BB97F615D}"
EndProject
Project("{FAE04EC0-301F-11D3-BF4B-00C04F79EFBC}") = "Unity.Services.Core.Environments", "Unity.Services.Core.Environments.Player.csproj", "{084B9FAE-2816-69BF-68C3-0DBB4734C49A}"
EndProject
Project("{FAE04EC0-301F-11D3-BF4B-00C04F79EFBC}") = "Unity.Services.Core.Internal", "Unity.Services.Core.Internal.Player.csproj", "{8CCEFC23-8EB5-D379-8A6F-312695E36A6E}"
EndProject
Project("{FAE04EC0-301F-11D3-BF4B-00C04F79EFBC}") = "Unity.Services.Core.Analytics", "Unity.Services.Core.Analytics.Player.csproj", "{2628C6B7-D968-46E8-6047-D913AEF81CCD}"
EndProject
Project("{FAE04EC0-301F-11D3-BF4B-00C04F79EFBC}") = "Unity.Services.Core.Scheduler", "Unity.Services.Core.Scheduler.Player.csproj", "{D07CBDFE-142F-D08D-D86E-D3274CC2FA4E}"
EndProject
Project("{FAE04EC0-301F-11D3-BF4B-00C04F79EFBC}") = "Unity.Services.Core.Registration", "Unity.Services.Core.Registration.Player.csproj", "{A2036345-15BD-A167-5AF0-58ADEE51F43A}"
EndProject
Project("{FAE04EC0-301F-11D3-BF4B-00C04F79EFBC}") = "Unity.Services.Core.Device", "Unity.Services.Core.Device.Player.csproj", "{B462BEB3-F505-4932-E9BD-24991A5AD118}"
EndProject
Project("{FAE04EC0-301F-11D3-BF4B-00C04F79EFBC}") = "Unity.Services.Core.Threading", "Unity.Services.Core.Threading.Player.csproj", "{B52C6519-320F-B7E3-5F6D-ED3FDD615888}"
EndProject
Project("{FAE04EC0-301F-11D3-BF4B-00C04F79EFBC}") = "Unity.Services.Core.Networking", "Unity.Services.Core.Networking.Player.csproj", "{D8C9B95E-A771-7678-4EAC-B3C9DE946A68}"
EndProject
Project("{FAE04EC0-301F-11D3-BF4B-00C04F79EFBC}") = "Unity.Services.Core", "Unity.Services.Core.Player.csproj", "{43C2CF34-7E53-3111-7F74-4B296740DFF9}"
EndProject
Project("{FAE04EC0-301F-11D3-BF4B-00C04F79EFBC}") = "Unity.Services.Core.Configuration", "Unity.Services.Core.Configuration.Player.csproj", "{F3A14673-9A1B-5996-76B9-73A0542DC42B}"
EndProject
Global
	GlobalSection(SolutionConfigurationPlatforms) = preSolution
		Debug|Any CPU = Debug|Any CPU
		Release|Any CPU = Release|Any CPU
	EndGlobalSection
	GlobalSection(ProjectConfigurationPlatforms) = postSolution
		{3E932F81-7183-EC62-F3B4-7C7245A1C204}.Debug|Any CPU.ActiveCfg = Debug|Any CPU
		{3E932F81-7183-EC62-F3B4-7C7245A1C204}.Debug|Any CPU.Build.0 = Debug|Any CPU
		{3E932F81-7183-EC62-F3B4-7C7245A1C204}.Release|Any CPU.ActiveCfg = Release|Any CPU
		{3E932F81-7183-EC62-F3B4-7C7245A1C204}.Release|Any CPU.Build.0 = Release|Any CPU
		{E83CC922-A028-1865-5208-B6C9A53FF67B}.Debug|Any CPU.ActiveCfg = Debug|Any CPU
		{E83CC922-A028-1865-5208-B6C9A53FF67B}.Debug|Any CPU.Build.0 = Debug|Any CPU
		{E83CC922-A028-1865-5208-B6C9A53FF67B}.Release|Any CPU.ActiveCfg = Release|Any CPU
		{E83CC922-A028-1865-5208-B6C9A53FF67B}.Release|Any CPU.Build.0 = Release|Any CPU
		{671E2412-C666-AE96-C122-54E2AE6FCA3A}.Debug|Any CPU.ActiveCfg = Debug|Any CPU
		{671E2412-C666-AE96-C122-54E2AE6FCA3A}.Debug|Any CPU.Build.0 = Debug|Any CPU
		{671E2412-C666-AE96-C122-54E2AE6FCA3A}.Release|Any CPU.ActiveCfg = Release|Any CPU
		{671E2412-C666-AE96-C122-54E2AE6FCA3A}.Release|Any CPU.Build.0 = Release|Any CPU
		{22369E26-32D6-43A8-2F6D-808883AD5994}.Debug|Any CPU.ActiveCfg = Debug|Any CPU
		{22369E26-32D6-43A8-2F6D-808883AD5994}.Debug|Any CPU.Build.0 = Debug|Any CPU
		{22369E26-32D6-43A8-2F6D-808883AD5994}.Release|Any CPU.ActiveCfg = Release|Any CPU
		{22369E26-32D6-43A8-2F6D-808883AD5994}.Release|Any CPU.Build.0 = Release|Any CPU
		{9A7448DD-B7CB-6DF6-A33B-307C3866BBDC}.Debug|Any CPU.ActiveCfg = Debug|Any CPU
		{9A7448DD-B7CB-6DF6-A33B-307C3866BBDC}.Debug|Any CPU.Build.0 = Debug|Any CPU
		{9A7448DD-B7CB-6DF6-A33B-307C3866BBDC}.Release|Any CPU.ActiveCfg = Release|Any CPU
		{9A7448DD-B7CB-6DF6-A33B-307C3866BBDC}.Release|Any CPU.Build.0 = Release|Any CPU
		{3A7E7CEF-5601-024F-A7CE-F2B3DC6849DF}.Debug|Any CPU.ActiveCfg = Debug|Any CPU
		{3A7E7CEF-5601-024F-A7CE-F2B3DC6849DF}.Debug|Any CPU.Build.0 = Debug|Any CPU
		{3A7E7CEF-5601-024F-A7CE-F2B3DC6849DF}.Release|Any CPU.ActiveCfg = Release|Any CPU
		{3A7E7CEF-5601-024F-A7CE-F2B3DC6849DF}.Release|Any CPU.Build.0 = Release|Any CPU
		{7C17C6AD-0A27-2F68-09F2-D29C462B9E73}.Debug|Any CPU.ActiveCfg = Debug|Any CPU
		{7C17C6AD-0A27-2F68-09F2-D29C462B9E73}.Debug|Any CPU.Build.0 = Debug|Any CPU
		{7C17C6AD-0A27-2F68-09F2-D29C462B9E73}.Release|Any CPU.ActiveCfg = Release|Any CPU
		{7C17C6AD-0A27-2F68-09F2-D29C462B9E73}.Release|Any CPU.Build.0 = Release|Any CPU
		{85E2AC38-5E91-ACAA-6E83-0293BEEE72E8}.Debug|Any CPU.ActiveCfg = Debug|Any CPU
		{85E2AC38-5E91-ACAA-6E83-0293BEEE72E8}.Debug|Any CPU.Build.0 = Debug|Any CPU
		{85E2AC38-5E91-ACAA-6E83-0293BEEE72E8}.Release|Any CPU.ActiveCfg = Release|Any CPU
		{85E2AC38-5E91-ACAA-6E83-0293BEEE72E8}.Release|Any CPU.Build.0 = Release|Any CPU
		{99920FE7-2DA2-CA27-8013-38ADB57A6D77}.Debug|Any CPU.ActiveCfg = Debug|Any CPU
		{99920FE7-2DA2-CA27-8013-38ADB57A6D77}.Debug|Any CPU.Build.0 = Debug|Any CPU
		{99920FE7-2DA2-CA27-8013-38ADB57A6D77}.Release|Any CPU.ActiveCfg = Release|Any CPU
		{99920FE7-2DA2-CA27-8013-38ADB57A6D77}.Release|Any CPU.Build.0 = Release|Any CPU
		{E843A117-847E-B985-E09E-75F70AFA74CE}.Debug|Any CPU.ActiveCfg = Debug|Any CPU
		{E843A117-847E-B985-E09E-75F70AFA74CE}.Debug|Any CPU.Build.0 = Debug|Any CPU
		{E843A117-847E-B985-E09E-75F70AFA74CE}.Release|Any CPU.ActiveCfg = Release|Any CPU
		{E843A117-847E-B985-E09E-75F70AFA74CE}.Release|Any CPU.Build.0 = Release|Any CPU
		{9BE7E4C9-FAD9-70DA-A103-3ED50E3EBA3C}.Debug|Any CPU.ActiveCfg = Debug|Any CPU
		{9BE7E4C9-FAD9-70DA-A103-3ED50E3EBA3C}.Debug|Any CPU.Build.0 = Debug|Any CPU
		{9BE7E4C9-FAD9-70DA-A103-3ED50E3EBA3C}.Release|Any CPU.ActiveCfg = Release|Any CPU
		{9BE7E4C9-FAD9-70DA-A103-3ED50E3EBA3C}.Release|Any CPU.Build.0 = Release|Any CPU
		{D407BF60-14DF-4F3E-7E18-228D6DE5ACD2}.Debug|Any CPU.ActiveCfg = Debug|Any CPU
		{D407BF60-14DF-4F3E-7E18-228D6DE5ACD2}.Debug|Any CPU.Build.0 = Debug|Any CPU
		{D407BF60-14DF-4F3E-7E18-228D6DE5ACD2}.Release|Any CPU.ActiveCfg = Release|Any CPU
		{D407BF60-14DF-4F3E-7E18-228D6DE5ACD2}.Release|Any CPU.Build.0 = Release|Any CPU
		{034AF81D-1047-71BC-F630-2D35BD5DABC3}.Debug|Any CPU.ActiveCfg = Debug|Any CPU
		{034AF81D-1047-71BC-F630-2D35BD5DABC3}.Debug|Any CPU.Build.0 = Debug|Any CPU
		{034AF81D-1047-71BC-F630-2D35BD5DABC3}.Release|Any CPU.ActiveCfg = Release|Any CPU
		{034AF81D-1047-71BC-F630-2D35BD5DABC3}.Release|Any CPU.Build.0 = Release|Any CPU
		{57D9A215-ADFC-2FDF-4616-C95B8E84FA39}.Debug|Any CPU.ActiveCfg = Debug|Any CPU
		{57D9A215-ADFC-2FDF-4616-C95B8E84FA39}.Debug|Any CPU.Build.0 = Debug|Any CPU
		{57D9A215-ADFC-2FDF-4616-C95B8E84FA39}.Release|Any CPU.ActiveCfg = Release|Any CPU
		{57D9A215-ADFC-2FDF-4616-C95B8E84FA39}.Release|Any CPU.Build.0 = Release|Any CPU
		{70E52CB6-DDFF-7FA6-1635-B389811E9237}.Debug|Any CPU.ActiveCfg = Debug|Any CPU
		{70E52CB6-DDFF-7FA6-1635-B389811E9237}.Debug|Any CPU.Build.0 = Debug|Any CPU
		{70E52CB6-DDFF-7FA6-1635-B389811E9237}.Release|Any CPU.ActiveCfg = Release|Any CPU
		{70E52CB6-DDFF-7FA6-1635-B389811E9237}.Release|Any CPU.Build.0 = Release|Any CPU
		{A8B56E48-DDD5-30E5-CC44-A2D67AA74C89}.Debug|Any CPU.ActiveCfg = Debug|Any CPU
		{A8B56E48-DDD5-30E5-CC44-A2D67AA74C89}.Debug|Any CPU.Build.0 = Debug|Any CPU
		{A8B56E48-DDD5-30E5-CC44-A2D67AA74C89}.Release|Any CPU.ActiveCfg = Release|Any CPU
		{A8B56E48-DDD5-30E5-CC44-A2D67AA74C89}.Release|Any CPU.Build.0 = Release|Any CPU
		{D09FCE6F-54CD-08B6-65EB-6172A1DC092D}.Debug|Any CPU.ActiveCfg = Debug|Any CPU
		{D09FCE6F-54CD-08B6-65EB-6172A1DC092D}.Debug|Any CPU.Build.0 = Debug|Any CPU
		{D09FCE6F-54CD-08B6-65EB-6172A1DC092D}.Release|Any CPU.ActiveCfg = Release|Any CPU
		{D09FCE6F-54CD-08B6-65EB-6172A1DC092D}.Release|Any CPU.Build.0 = Release|Any CPU
		{34F948FB-8131-0FD9-28E7-4E61462B76D2}.Debug|Any CPU.ActiveCfg = Debug|Any CPU
		{34F948FB-8131-0FD9-28E7-4E61462B76D2}.Debug|Any CPU.Build.0 = Debug|Any CPU
		{34F948FB-8131-0FD9-28E7-4E61462B76D2}.Release|Any CPU.ActiveCfg = Release|Any CPU
		{34F948FB-8131-0FD9-28E7-4E61462B76D2}.Release|Any CPU.Build.0 = Release|Any CPU
		{E77A5E45-F040-EF4E-536F-3263AABF9CD4}.Debug|Any CPU.ActiveCfg = Debug|Any CPU
		{E77A5E45-F040-EF4E-536F-3263AABF9CD4}.Debug|Any CPU.Build.0 = Debug|Any CPU
		{E77A5E45-F040-EF4E-536F-3263AABF9CD4}.Release|Any CPU.ActiveCfg = Release|Any CPU
		{E77A5E45-F040-EF4E-536F-3263AABF9CD4}.Release|Any CPU.Build.0 = Release|Any CPU
		{AB596309-EC84-26C1-28EA-B8E5776A3F33}.Debug|Any CPU.ActiveCfg = Debug|Any CPU
		{AB596309-EC84-26C1-28EA-B8E5776A3F33}.Debug|Any CPU.Build.0 = Debug|Any CPU
		{AB596309-EC84-26C1-28EA-B8E5776A3F33}.Release|Any CPU.ActiveCfg = Release|Any CPU
		{AB596309-EC84-26C1-28EA-B8E5776A3F33}.Release|Any CPU.Build.0 = Release|Any CPU
		{568DD1EA-B1CD-5382-A9C3-8A8039401F97}.Debug|Any CPU.ActiveCfg = Debug|Any CPU
		{568DD1EA-B1CD-5382-A9C3-8A8039401F97}.Debug|Any CPU.Build.0 = Debug|Any CPU
		{568DD1EA-B1CD-5382-A9C3-8A8039401F97}.Release|Any CPU.ActiveCfg = Release|Any CPU
		{568DD1EA-B1CD-5382-A9C3-8A8039401F97}.Release|Any CPU.Build.0 = Release|Any CPU
		{FA273306-9804-04EF-6C38-416C6E82D180}.Debug|Any CPU.ActiveCfg = Debug|Any CPU
		{FA273306-9804-04EF-6C38-416C6E82D180}.Debug|Any CPU.Build.0 = Debug|Any CPU
		{FA273306-9804-04EF-6C38-416C6E82D180}.Release|Any CPU.ActiveCfg = Release|Any CPU
		{FA273306-9804-04EF-6C38-416C6E82D180}.Release|Any CPU.Build.0 = Release|Any CPU
		{3B491D31-3D65-910E-F0E7-AC058A734F8E}.Debug|Any CPU.ActiveCfg = Debug|Any CPU
		{3B491D31-3D65-910E-F0E7-AC058A734F8E}.Debug|Any CPU.Build.0 = Debug|Any CPU
		{3B491D31-3D65-910E-F0E7-AC058A734F8E}.Release|Any CPU.ActiveCfg = Release|Any CPU
		{3B491D31-3D65-910E-F0E7-AC058A734F8E}.Release|Any CPU.Build.0 = Release|Any CPU
		{C8CAE620-FD33-9384-A4D5-9D40CE4AB20F}.Debug|Any CPU.ActiveCfg = Debug|Any CPU
		{C8CAE620-FD33-9384-A4D5-9D40CE4AB20F}.Debug|Any CPU.Build.0 = Debug|Any CPU
		{C8CAE620-FD33-9384-A4D5-9D40CE4AB20F}.Release|Any CPU.ActiveCfg = Release|Any CPU
		{C8CAE620-FD33-9384-A4D5-9D40CE4AB20F}.Release|Any CPU.Build.0 = Release|Any CPU
		{BA60B2FB-7094-CEA7-78CD-DBE9F4FE169F}.Debug|Any CPU.ActiveCfg = Debug|Any CPU
		{BA60B2FB-7094-CEA7-78CD-DBE9F4FE169F}.Debug|Any CPU.Build.0 = Debug|Any CPU
		{BA60B2FB-7094-CEA7-78CD-DBE9F4FE169F}.Release|Any CPU.ActiveCfg = Release|Any CPU
		{BA60B2FB-7094-CEA7-78CD-DBE9F4FE169F}.Release|Any CPU.Build.0 = Release|Any CPU
		{EECB583B-C8C8-968F-62E5-4EBAE057892B}.Debug|Any CPU.ActiveCfg = Debug|Any CPU
		{EECB583B-C8C8-968F-62E5-4EBAE057892B}.Debug|Any CPU.Build.0 = Debug|Any CPU
		{EECB583B-C8C8-968F-62E5-4EBAE057892B}.Release|Any CPU.ActiveCfg = Release|Any CPU
		{EECB583B-C8C8-968F-62E5-4EBAE057892B}.Release|Any CPU.Build.0 = Release|Any CPU
		{28B0D38E-066A-1329-009C-C51ECC8B04AA}.Debug|Any CPU.ActiveCfg = Debug|Any CPU
		{28B0D38E-066A-1329-009C-C51ECC8B04AA}.Debug|Any CPU.Build.0 = Debug|Any CPU
		{28B0D38E-066A-1329-009C-C51ECC8B04AA}.Release|Any CPU.ActiveCfg = Release|Any CPU
		{28B0D38E-066A-1329-009C-C51ECC8B04AA}.Release|Any CPU.Build.0 = Release|Any CPU
		{115A4FD2-9456-1199-597F-5C074EB1A6C0}.Debug|Any CPU.ActiveCfg = Debug|Any CPU
		{115A4FD2-9456-1199-597F-5C074EB1A6C0}.Debug|Any CPU.Build.0 = Debug|Any CPU
		{115A4FD2-9456-1199-597F-5C074EB1A6C0}.Release|Any CPU.ActiveCfg = Release|Any CPU
		{115A4FD2-9456-1199-597F-5C074EB1A6C0}.Release|Any CPU.Build.0 = Release|Any CPU
		{A0A89EF9-F9C0-DE09-78C2-E0B22C8C43D3}.Debug|Any CPU.ActiveCfg = Debug|Any CPU
		{A0A89EF9-F9C0-DE09-78C2-E0B22C8C43D3}.Debug|Any CPU.Build.0 = Debug|Any CPU
		{A0A89EF9-F9C0-DE09-78C2-E0B22C8C43D3}.Release|Any CPU.ActiveCfg = Release|Any CPU
		{A0A89EF9-F9C0-DE09-78C2-E0B22C8C43D3}.Release|Any CPU.Build.0 = Release|Any CPU
		{41DB101D-5113-90E0-D8A9-FE49A6614507}.Debug|Any CPU.ActiveCfg = Debug|Any CPU
		{41DB101D-5113-90E0-D8A9-FE49A6614507}.Debug|Any CPU.Build.0 = Debug|Any CPU
		{41DB101D-5113-90E0-D8A9-FE49A6614507}.Release|Any CPU.ActiveCfg = Release|Any CPU
		{41DB101D-5113-90E0-D8A9-FE49A6614507}.Release|Any CPU.Build.0 = Release|Any CPU
		{B41D354A-9E30-BDA3-287F-97478D6329CD}.Debug|Any CPU.ActiveCfg = Debug|Any CPU
		{B41D354A-9E30-BDA3-287F-97478D6329CD}.Debug|Any CPU.Build.0 = Debug|Any CPU
		{B41D354A-9E30-BDA3-287F-97478D6329CD}.Release|Any CPU.ActiveCfg = Release|Any CPU
		{B41D354A-9E30-BDA3-287F-97478D6329CD}.Release|Any CPU.Build.0 = Release|Any CPU
		{9097AD43-BAB7-B632-B936-DEFDCBC7F432}.Debug|Any CPU.ActiveCfg = Debug|Any CPU
		{9097AD43-BAB7-B632-B936-DEFDCBC7F432}.Debug|Any CPU.Build.0 = Debug|Any CPU
		{9097AD43-BAB7-B632-B936-DEFDCBC7F432}.Release|Any CPU.ActiveCfg = Release|Any CPU
		{9097AD43-BAB7-B632-B936-DEFDCBC7F432}.Release|Any CPU.Build.0 = Release|Any CPU
		{FD1B7DCB-C9D3-FB07-2F45-5AAB2CE245EF}.Debug|Any CPU.ActiveCfg = Debug|Any CPU
		{FD1B7DCB-C9D3-FB07-2F45-5AAB2CE245EF}.Debug|Any CPU.Build.0 = Debug|Any CPU
		{FD1B7DCB-C9D3-FB07-2F45-5AAB2CE245EF}.Release|Any CPU.ActiveCfg = Release|Any CPU
		{FD1B7DCB-C9D3-FB07-2F45-5AAB2CE245EF}.Release|Any CPU.Build.0 = Release|Any CPU
		{753A5C75-958C-41F5-49EA-72CEC432B646}.Debug|Any CPU.ActiveCfg = Debug|Any CPU
		{753A5C75-958C-41F5-49EA-72CEC432B646}.Debug|Any CPU.Build.0 = Debug|Any CPU
		{753A5C75-958C-41F5-49EA-72CEC432B646}.Release|Any CPU.ActiveCfg = Release|Any CPU
		{753A5C75-958C-41F5-49EA-72CEC432B646}.Release|Any CPU.Build.0 = Release|Any CPU
		{F9F2954B-0247-BF99-976B-5C51B06673B7}.Debug|Any CPU.ActiveCfg = Debug|Any CPU
		{F9F2954B-0247-BF99-976B-5C51B06673B7}.Debug|Any CPU.Build.0 = Debug|Any CPU
		{F9F2954B-0247-BF99-976B-5C51B06673B7}.Release|Any CPU.ActiveCfg = Release|Any CPU
		{F9F2954B-0247-BF99-976B-5C51B06673B7}.Release|Any CPU.Build.0 = Release|Any CPU
		{5B94F19A-8DE4-FF31-0EFD-83687DDED9EE}.Debug|Any CPU.ActiveCfg = Debug|Any CPU
		{5B94F19A-8DE4-FF31-0EFD-83687DDED9EE}.Debug|Any CPU.Build.0 = Debug|Any CPU
		{5B94F19A-8DE4-FF31-0EFD-83687DDED9EE}.Release|Any CPU.ActiveCfg = Release|Any CPU
		{5B94F19A-8DE4-FF31-0EFD-83687DDED9EE}.Release|Any CPU.Build.0 = Release|Any CPU
		{DAE6E3F0-2B01-0193-EC6D-2A2098160357}.Debug|Any CPU.ActiveCfg = Debug|Any CPU
		{DAE6E3F0-2B01-0193-EC6D-2A2098160357}.Debug|Any CPU.Build.0 = Debug|Any CPU
		{DAE6E3F0-2B01-0193-EC6D-2A2098160357}.Release|Any CPU.ActiveCfg = Release|Any CPU
		{DAE6E3F0-2B01-0193-EC6D-2A2098160357}.Release|Any CPU.Build.0 = Release|Any CPU
		{B619DB9C-7155-B42E-8C68-F35215438288}.Debug|Any CPU.ActiveCfg = Debug|Any CPU
		{B619DB9C-7155-B42E-8C68-F35215438288}.Debug|Any CPU.Build.0 = Debug|Any CPU
		{B619DB9C-7155-B42E-8C68-F35215438288}.Release|Any CPU.ActiveCfg = Release|Any CPU
		{B619DB9C-7155-B42E-8C68-F35215438288}.Release|Any CPU.Build.0 = Release|Any CPU
		{2FF695A7-049E-7EB7-B75C-937335ADD377}.Debug|Any CPU.ActiveCfg = Debug|Any CPU
		{2FF695A7-049E-7EB7-B75C-937335ADD377}.Debug|Any CPU.Build.0 = Debug|Any CPU
		{2FF695A7-049E-7EB7-B75C-937335ADD377}.Release|Any CPU.ActiveCfg = Release|Any CPU
		{2FF695A7-049E-7EB7-B75C-937335ADD377}.Release|Any CPU.Build.0 = Release|Any CPU
		{AF824487-64D4-5B30-3BFD-BC2E61759018}.Debug|Any CPU.ActiveCfg = Debug|Any CPU
		{AF824487-64D4-5B30-3BFD-BC2E61759018}.Debug|Any CPU.Build.0 = Debug|Any CPU
		{AF824487-64D4-5B30-3BFD-BC2E61759018}.Release|Any CPU.ActiveCfg = Release|Any CPU
		{AF824487-64D4-5B30-3BFD-BC2E61759018}.Release|Any CPU.Build.0 = Release|Any CPU
		{8E73B986-916E-E5B9-806D-2DD89EFF398C}.Debug|Any CPU.ActiveCfg = Debug|Any CPU
		{8E73B986-916E-E5B9-806D-2DD89EFF398C}.Debug|Any CPU.Build.0 = Debug|Any CPU
		{8E73B986-916E-E5B9-806D-2DD89EFF398C}.Release|Any CPU.ActiveCfg = Release|Any CPU
		{8E73B986-916E-E5B9-806D-2DD89EFF398C}.Release|Any CPU.Build.0 = Release|Any CPU
		{E65D6CE2-7429-16C5-526A-F274AEDFF980}.Debug|Any CPU.ActiveCfg = Debug|Any CPU
		{E65D6CE2-7429-16C5-526A-F274AEDFF980}.Debug|Any CPU.Build.0 = Debug|Any CPU
		{E65D6CE2-7429-16C5-526A-F274AEDFF980}.Release|Any CPU.ActiveCfg = Release|Any CPU
		{E65D6CE2-7429-16C5-526A-F274AEDFF980}.Release|Any CPU.Build.0 = Release|Any CPU
		{F0B0D011-4072-E83A-0E2D-9F3B09238E92}.Debug|Any CPU.ActiveCfg = Debug|Any CPU
		{F0B0D011-4072-E83A-0E2D-9F3B09238E92}.Debug|Any CPU.Build.0 = Debug|Any CPU
		{F0B0D011-4072-E83A-0E2D-9F3B09238E92}.Release|Any CPU.ActiveCfg = Release|Any CPU
		{F0B0D011-4072-E83A-0E2D-9F3B09238E92}.Release|Any CPU.Build.0 = Release|Any CPU
		{9DA8CA6D-3EEB-1CE2-993F-3E6B3088EBFD}.Debug|Any CPU.ActiveCfg = Debug|Any CPU
		{9DA8CA6D-3EEB-1CE2-993F-3E6B3088EBFD}.Debug|Any CPU.Build.0 = Debug|Any CPU
		{9DA8CA6D-3EEB-1CE2-993F-3E6B3088EBFD}.Release|Any CPU.ActiveCfg = Release|Any CPU
		{9DA8CA6D-3EEB-1CE2-993F-3E6B3088EBFD}.Release|Any CPU.Build.0 = Release|Any CPU
		{BF4B31DD-7E65-672B-F2C2-43417A02113E}.Debug|Any CPU.ActiveCfg = Debug|Any CPU
		{BF4B31DD-7E65-672B-F2C2-43417A02113E}.Debug|Any CPU.Build.0 = Debug|Any CPU
		{BF4B31DD-7E65-672B-F2C2-43417A02113E}.Release|Any CPU.ActiveCfg = Release|Any CPU
		{BF4B31DD-7E65-672B-F2C2-43417A02113E}.Release|Any CPU.Build.0 = Release|Any CPU
		{87A35067-61A6-A860-6191-D0D85FED59DF}.Debug|Any CPU.ActiveCfg = Debug|Any CPU
		{87A35067-61A6-A860-6191-D0D85FED59DF}.Debug|Any CPU.Build.0 = Debug|Any CPU
		{87A35067-61A6-A860-6191-D0D85FED59DF}.Release|Any CPU.ActiveCfg = Release|Any CPU
		{87A35067-61A6-A860-6191-D0D85FED59DF}.Release|Any CPU.Build.0 = Release|Any CPU
		{18A25FB1-B9BB-6209-B9AD-024A3AB03167}.Debug|Any CPU.ActiveCfg = Debug|Any CPU
		{18A25FB1-B9BB-6209-B9AD-024A3AB03167}.Debug|Any CPU.Build.0 = Debug|Any CPU
		{18A25FB1-B9BB-6209-B9AD-024A3AB03167}.Release|Any CPU.ActiveCfg = Release|Any CPU
		{18A25FB1-B9BB-6209-B9AD-024A3AB03167}.Release|Any CPU.Build.0 = Release|Any CPU
		{1F0F660D-1BD6-F466-41CB-423B37CA300E}.Debug|Any CPU.ActiveCfg = Debug|Any CPU
		{1F0F660D-1BD6-F466-41CB-423B37CA300E}.Debug|Any CPU.Build.0 = Debug|Any CPU
		{1F0F660D-1BD6-F466-41CB-423B37CA300E}.Release|Any CPU.ActiveCfg = Release|Any CPU
		{1F0F660D-1BD6-F466-41CB-423B37CA300E}.Release|Any CPU.Build.0 = Release|Any CPU
		{1908FAB6-AFB8-C359-8BC5-ACE5E1BBA0C0}.Debug|Any CPU.ActiveCfg = Debug|Any CPU
		{1908FAB6-AFB8-C359-8BC5-ACE5E1BBA0C0}.Debug|Any CPU.Build.0 = Debug|Any CPU
		{1908FAB6-AFB8-C359-8BC5-ACE5E1BBA0C0}.Release|Any CPU.ActiveCfg = Release|Any CPU
		{1908FAB6-AFB8-C359-8BC5-ACE5E1BBA0C0}.Release|Any CPU.Build.0 = Release|Any CPU
		{47091DEA-1727-D259-DABB-C3073C72A09A}.Debug|Any CPU.ActiveCfg = Debug|Any CPU
		{47091DEA-1727-D259-DABB-C3073C72A09A}.Debug|Any CPU.Build.0 = Debug|Any CPU
		{47091DEA-1727-D259-DABB-C3073C72A09A}.Release|Any CPU.ActiveCfg = Release|Any CPU
		{47091DEA-1727-D259-DABB-C3073C72A09A}.Release|Any CPU.Build.0 = Release|Any CPU
		{CC9AB64F-D37D-B8EE-2DD8-E7FA9A7EA927}.Debug|Any CPU.ActiveCfg = Debug|Any CPU
		{CC9AB64F-D37D-B8EE-2DD8-E7FA9A7EA927}.Debug|Any CPU.Build.0 = Debug|Any CPU
		{CC9AB64F-D37D-B8EE-2DD8-E7FA9A7EA927}.Release|Any CPU.ActiveCfg = Release|Any CPU
		{CC9AB64F-D37D-B8EE-2DD8-E7FA9A7EA927}.Release|Any CPU.Build.0 = Release|Any CPU
		{7594E383-4BAA-A52E-EFBD-CF6BB97F615D}.Debug|Any CPU.ActiveCfg = Debug|Any CPU
		{7594E383-4BAA-A52E-EFBD-CF6BB97F615D}.Debug|Any CPU.Build.0 = Debug|Any CPU
		{7594E383-4BAA-A52E-EFBD-CF6BB97F615D}.Release|Any CPU.ActiveCfg = Release|Any CPU
		{7594E383-4BAA-A52E-EFBD-CF6BB97F615D}.Release|Any CPU.Build.0 = Release|Any CPU
		{084B9FAE-2816-69BF-68C3-0DBB4734C49A}.Debug|Any CPU.ActiveCfg = Debug|Any CPU
		{084B9FAE-2816-69BF-68C3-0DBB4734C49A}.Debug|Any CPU.Build.0 = Debug|Any CPU
		{084B9FAE-2816-69BF-68C3-0DBB4734C49A}.Release|Any CPU.ActiveCfg = Release|Any CPU
		{084B9FAE-2816-69BF-68C3-0DBB4734C49A}.Release|Any CPU.Build.0 = Release|Any CPU
		{8CCEFC23-8EB5-D379-8A6F-312695E36A6E}.Debug|Any CPU.ActiveCfg = Debug|Any CPU
		{8CCEFC23-8EB5-D379-8A6F-312695E36A6E}.Debug|Any CPU.Build.0 = Debug|Any CPU
		{8CCEFC23-8EB5-D379-8A6F-312695E36A6E}.Release|Any CPU.ActiveCfg = Release|Any CPU
		{8CCEFC23-8EB5-D379-8A6F-312695E36A6E}.Release|Any CPU.Build.0 = Release|Any CPU
		{2628C6B7-D968-46E8-6047-D913AEF81CCD}.Debug|Any CPU.ActiveCfg = Debug|Any CPU
		{2628C6B7-D968-46E8-6047-D913AEF81CCD}.Debug|Any CPU.Build.0 = Debug|Any CPU
		{2628C6B7-D968-46E8-6047-D913AEF81CCD}.Release|Any CPU.ActiveCfg = Release|Any CPU
		{2628C6B7-D968-46E8-6047-D913AEF81CCD}.Release|Any CPU.Build.0 = Release|Any CPU
		{D07CBDFE-142F-D08D-D86E-D3274CC2FA4E}.Debug|Any CPU.ActiveCfg = Debug|Any CPU
		{D07CBDFE-142F-D08D-D86E-D3274CC2FA4E}.Debug|Any CPU.Build.0 = Debug|Any CPU
		{D07CBDFE-142F-D08D-D86E-D3274CC2FA4E}.Release|Any CPU.ActiveCfg = Release|Any CPU
		{D07CBDFE-142F-D08D-D86E-D3274CC2FA4E}.Release|Any CPU.Build.0 = Release|Any CPU
		{A2036345-15BD-A167-5AF0-58ADEE51F43A}.Debug|Any CPU.ActiveCfg = Debug|Any CPU
		{A2036345-15BD-A167-5AF0-58ADEE51F43A}.Debug|Any CPU.Build.0 = Debug|Any CPU
		{A2036345-15BD-A167-5AF0-58ADEE51F43A}.Release|Any CPU.ActiveCfg = Release|Any CPU
		{A2036345-15BD-A167-5AF0-58ADEE51F43A}.Release|Any CPU.Build.0 = Release|Any CPU
		{B462BEB3-F505-4932-E9BD-24991A5AD118}.Debug|Any CPU.ActiveCfg = Debug|Any CPU
		{B462BEB3-F505-4932-E9BD-24991A5AD118}.Debug|Any CPU.Build.0 = Debug|Any CPU
		{B462BEB3-F505-4932-E9BD-24991A5AD118}.Release|Any CPU.ActiveCfg = Release|Any CPU
		{B462BEB3-F505-4932-E9BD-24991A5AD118}.Release|Any CPU.Build.0 = Release|Any CPU
		{B52C6519-320F-B7E3-5F6D-ED3FDD615888}.Debug|Any CPU.ActiveCfg = Debug|Any CPU
		{B52C6519-320F-B7E3-5F6D-ED3FDD615888}.Debug|Any CPU.Build.0 = Debug|Any CPU
		{B52C6519-320F-B7E3-5F6D-ED3FDD615888}.Release|Any CPU.ActiveCfg = Release|Any CPU
		{B52C6519-320F-B7E3-5F6D-ED3FDD615888}.Release|Any CPU.Build.0 = Release|Any CPU
		{D8C9B95E-A771-7678-4EAC-B3C9DE946A68}.Debug|Any CPU.ActiveCfg = Debug|Any CPU
		{D8C9B95E-A771-7678-4EAC-B3C9DE946A68}.Debug|Any CPU.Build.0 = Debug|Any CPU
		{D8C9B95E-A771-7678-4EAC-B3C9DE946A68}.Release|Any CPU.ActiveCfg = Release|Any CPU
		{D8C9B95E-A771-7678-4EAC-B3C9DE946A68}.Release|Any CPU.Build.0 = Release|Any CPU
		{43C2CF34-7E53-3111-7F74-4B296740DFF9}.Debug|Any CPU.ActiveCfg = Debug|Any CPU
		{43C2CF34-7E53-3111-7F74-4B296740DFF9}.Debug|Any CPU.Build.0 = Debug|Any CPU
		{43C2CF34-7E53-3111-7F74-4B296740DFF9}.Release|Any CPU.ActiveCfg = Release|Any CPU
		{43C2CF34-7E53-3111-7F74-4B296740DFF9}.Release|Any CPU.Build.0 = Release|Any CPU
		{F3A14673-9A1B-5996-76B9-73A0542DC42B}.Debug|Any CPU.ActiveCfg = Debug|Any CPU
		{F3A14673-9A1B-5996-76B9-73A0542DC42B}.Debug|Any CPU.Build.0 = Debug|Any CPU
		{F3A14673-9A1B-5996-76B9-73A0542DC42B}.Release|Any CPU.ActiveCfg = Release|Any CPU
		{F3A14673-9A1B-5996-76B9-73A0542DC42B}.Release|Any CPU.Build.0 = Release|Any CPU
	EndGlobalSection
	GlobalSection(SolutionProperties) = preSolution
		HideSolutionNode = FALSE
	EndGlobalSection
EndGlobal
